
Microsoft Visual Studio Solution File, Format Version 12.00
# Visual Studio 14
VisualStudioVersion = 14.0.25420.1
MinimumVisualStudioVersion = 10.0.40219.1
Project("{8BC9CEB8-8B4A-11D0-8D11-00A0C91BC942}") = "MathTools", "MathTools.vcxproj", "{AC19D073-340A-4905-9BF7-7D5BA9BC2DC0}"
EndProject
Project("{8BC9CEB8-8B4A-11D0-8D11-00A0C91BC942}") = "MyEngine", "..\MyEngine\MyEngine\MyEngine.vcxproj", "{B7C01518-82B2-4ACC-8AF2-05F42CE010E4}"
EndProject
Global
	GlobalSection(SolutionConfigurationPlatforms) = preSolution
		Debug|ARM = Debug|ARM
		Debug|x64 = Debug|x64
		Debug|x86 = Debug|x86
		Release|ARM = Release|ARM
		Release|x64 = Release|x64
		Release|x86 = Release|x86
	EndGlobalSection
	GlobalSection(ProjectConfigurationPlatforms) = postSolution
		{AC19D073-340A-4905-9BF7-7D5BA9BC2DC0}.Debug|ARM.ActiveCfg = Debug|ARM
		{AC19D073-340A-4905-9BF7-7D5BA9BC2DC0}.Debug|ARM.Build.0 = Debug|ARM
		{AC19D073-340A-4905-9BF7-7D5BA9BC2DC0}.Debug|x64.ActiveCfg = Debug|x64
		{AC19D073-340A-4905-9BF7-7D5BA9BC2DC0}.Debug|x64.Build.0 = Debug|x64
		{AC19D073-340A-4905-9BF7-7D5BA9BC2DC0}.Debug|x86.ActiveCfg = Debug|Win32
		{AC19D073-340A-4905-9BF7-7D5BA9BC2DC0}.Debug|x86.Build.0 = Debug|Win32
		{AC19D073-340A-4905-9BF7-7D5BA9BC2DC0}.Release|ARM.ActiveCfg = Release|ARM
		{AC19D073-340A-4905-9BF7-7D5BA9BC2DC0}.Release|ARM.Build.0 = Release|ARM
		{AC19D073-340A-4905-9BF7-7D5BA9BC2DC0}.Release|x64.ActiveCfg = Release|x64
		{AC19D073-340A-4905-9BF7-7D5BA9BC2DC0}.Release|x64.Build.0 = Release|x64
		{AC19D073-340A-4905-9BF7-7D5BA9BC2DC0}.Release|x86.ActiveCfg = Release|Win32
		{AC19D073-340A-4905-9BF7-7D5BA9BC2DC0}.Release|x86.Build.0 = Release|Win32
		{B7C01518-82B2-4ACC-8AF2-05F42CE010E4}.Debug|ARM.ActiveCfg = Debug|Win32
		{B7C01518-82B2-4ACC-8AF2-05F42CE010E4}.Debug|x64.ActiveCfg = Debug|x64
		{B7C01518-82B2-4ACC-8AF2-05F42CE010E4}.Debug|x64.Build.0 = Debug|x64
		{B7C01518-82B2-4ACC-8AF2-05F42CE010E4}.Debug|x86.ActiveCfg = Debug|Win32
		{B7C01518-82B2-4ACC-8AF2-05F42CE010E4}.Debug|x86.Build.0 = Debug|Win32
		{B7C01518-82B2-4ACC-8AF2-05F42CE010E4}.Release|ARM.ActiveCfg = Release|Win32
		{B7C01518-82B2-4ACC-8AF2-05F42CE010E4}.Release|x64.ActiveCfg = Release|x64
		{B7C01518-82B2-4ACC-8AF2-05F42CE010E4}.Release|x64.Build.0 = Release|x64
		{B7C01518-82B2-4ACC-8AF2-05F42CE010E4}.Release|x86.ActiveCfg = Release|Win32
		{B7C01518-82B2-4ACC-8AF2-05F42CE010E4}.Release|x86.Build.0 = Release|Win32
	EndGlobalSection
	GlobalSection(SolutionProperties) = preSolution
		HideSolutionNode = FALSE
	EndGlobalSection
EndGlobal
